{
  "name": "agent-chat-bridge",
  "version": "0.0.0",
  "lockfileVersion": 3,
  "requires": true,
  "packages": {
    "": {
      "name": "agent-chat-bridge",
      "version": "0.0.0",
      "bin": {
        "agent-chat-bridge": "bin/agent-chat-bridge.mjs"
      },
      "engines": {
        "node": ">=24 <25"
      }
    }
  }
}
